{
  "nodes": {
    "nixpkgs": {
      "locked": {
        "lastModified": 1688764204,
        "narHash": "sha256-FsvK+tIvelCI0tWwlMDKfiyb7P/KfxpGbXMrdCKiT8s=",
        "path": "/nix/store/pxdlbv3id7b3jmrzxpa5s6scc7xm50ax-source",
        "rev": "d8bb6c681cf86265fdcf3cc3119f757bbb085835",
        "type": "path"
      },
      "original": {
        "id": "nixpkgs",
        "type": "indirect"
      }
    },
    "root": {
      "inputs": {
        "nixpkgs": "nixpkgs"
      }
    }
  },
  "root": "root",
  "version": 7
}
